
Microsoft Visual Studio Solution File, Format Version 12.00
# Visual Studio Version 17
VisualStudioVersion = 17.14.36705.20
MinimumVisualStudioVersion = 10.0.40219.1
Project("{8BC9CEB8-8B4A-11D0-8D11-00A0C91BC942}") = "cheat", "src\cheat\cheat.vcxproj", "{5E3654BF-0211-4D5A-AF89-508B73765CD2}"
EndProject
Project("{8BC9CEB8-8B4A-11D0-8D11-00A0C91BC942}") = "loader", "src\loader\loader.vcxproj", "{5F893161-5012-4E8E-8EF6-57750190BE0D}"
EndProject
Global
	GlobalSection(SolutionConfigurationPlatforms) = preSolution
		Debug|x64 = Debug|x64
		Debug|x86 = Debug|x86
		Release|x64 = Release|x64
		Release|x86 = Release|x86
	EndGlobalSection
	GlobalSection(ProjectConfigurationPlatforms) = postSolution
		{5E3654BF-0211-4D5A-AF89-508B73765CD2}.Debug|x64.ActiveCfg = Debug|x64
		{5E3654BF-0211-4D5A-AF89-508B73765CD2}.Debug|x64.Build.0 = Debug|x64
		{5E3654BF-0211-4D5A-AF89-508B73765CD2}.Debug|x86.ActiveCfg = Debug|Win32
		{5E3654BF-0211-4D5A-AF89-508B73765CD2}.Debug|x86.Build.0 = Debug|Win32
		{5E3654BF-0211-4D5A-AF89-508B73765CD2}.Release|x64.ActiveCfg = Release|x64
		{5E3654BF-0211-4D5A-AF89-508B73765CD2}.Release|x64.Build.0 = Release|x64
		{5E3654BF-0211-4D5A-AF89-508B73765CD2}.Release|x86.ActiveCfg = Release|Win32
		{5E3654BF-0211-4D5A-AF89-508B73765CD2}.Release|x86.Build.0 = Release|Win32
		{5F893161-5012-4E8E-8EF6-57750190BE0D}.Debug|x64.ActiveCfg = Debug|x64
		{5F893161-5012-4E8E-8EF6-57750190BE0D}.Debug|x64.Build.0 = Debug|x64
		{5F893161-5012-4E8E-8EF6-57750190BE0D}.Debug|x86.ActiveCfg = Debug|Win32
		{5F893161-5012-4E8E-8EF6-57750190BE0D}.Debug|x86.Build.0 = Debug|Win32
		{5F893161-5012-4E8E-8EF6-57750190BE0D}.Release|x64.ActiveCfg = Release|x64
		{5F893161-5012-4E8E-8EF6-57750190BE0D}.Release|x64.Build.0 = Release|x64
		{5F893161-5012-4E8E-8EF6-57750190BE0D}.Release|x86.ActiveCfg = Release|Win32
		{5F893161-5012-4E8E-8EF6-57750190BE0D}.Release|x86.Build.0 = Release|Win32
	EndGlobalSection
	GlobalSection(SolutionProperties) = preSolution
		HideSolutionNode = FALSE
	EndGlobalSection
	GlobalSection(ExtensibilityGlobals) = postSolution
		SolutionGuid = {EFE755D2-2B35-444C-B2C8-FF8C85CFA311}
	EndGlobalSection
EndGlobal
