<?xml version="1.0" encoding="utf-8"?>
<Project ToolsVersion="4.0" xmlns="http://schemas.microsoft.com/developer/msbuild/2003">
  <ItemGroup>
    <Filter Include="source">
      <UniqueIdentifier>{4FC737F1-C7A5-4376-A066-2A32D752A2FF}</UniqueIdentifier>
      <Extensions>cpp;c;cc;cxx;c++;cppm;ixx;def;odl;idl;hpj;bat;asm;asmx</Extensions>
    </Filter>
    <Filter Include="source\cheat">
      <UniqueIdentifier>{374dafc8-23e0-4948-a2d1-d659ac6e2d25}</UniqueIdentifier>
    </Filter>
    <Filter Include="third_party">
      <UniqueIdentifier>{67db3402-de5a-452f-9400-e8d25aa3801c}</UniqueIdentifier>
    </Filter>
    <Filter Include="third_party\sdk">
      <UniqueIdentifier>{a43ed511-511c-4abb-969c-314239eee5ee}</UniqueIdentifier>
    </Filter>
    <Filter Include="source\global">
      <UniqueIdentifier>{0dd8e6bb-c6d1-4e7b-b082-581148b2620a}</UniqueIdentifier>
    </Filter>
    <Filter Include="source\cheat\menu">
      <UniqueIdentifier>{755be23d-a12b-469a-9950-f5930745869b}</UniqueIdentifier>
    </Filter>
    <Filter Include="source\cheat\visual">
      <UniqueIdentifier>{a41d6fc2-b08f-4907-820d-2a7494a68681}</UniqueIdentifier>
    </Filter>
    <Filter Include="source\library">
      <UniqueIdentifier>{940499ff-77a3-47ff-90d9-697e680de931}</UniqueIdentifier>
    </Filter>
    <Filter Include="source\library\render">
      <UniqueIdentifier>{8c7fd1e4-02e5-4044-92b6-29cc5ca5694a}</UniqueIdentifier>
    </Filter>
    <Filter Include="source\library\gui">
      <UniqueIdentifier>{d96ac0a3-57cb-4673-aa56-76ba4269d9f8}</UniqueIdentifier>
    </Filter>
    <Filter Include="source\cheat\cheat">
      <UniqueIdentifier>{333e5e43-d337-4866-b9f2-9feea5511380}</UniqueIdentifier>
    </Filter>
    <Filter Include="resource">
      <UniqueIdentifier>{6ca407eb-b3f4-430c-813f-58adc6a4cb70}</UniqueIdentifier>
    </Filter>
    <Filter Include="source\cheat\entity">
      <UniqueIdentifier>{26158106-8417-4267-9e18-33000e5dfd13}</UniqueIdentifier>
    </Filter>
    <Filter Include="source\cheat\player">
      <UniqueIdentifier>{fdacdf32-b091-40e3-9d3c-81caa7bdfcd3}</UniqueIdentifier>
    </Filter>
    <Filter Include="source\cheat\item">
      <UniqueIdentifier>{6564012a-358e-4e9b-a9a8-5386ef0e8927}</UniqueIdentifier>
    </Filter>
    <Filter Include="source\library\kismet">
      <UniqueIdentifier>{cd9fa0da-dd92-4934-90de-55f63736e8a4}</UniqueIdentifier>
    </Filter>
    <Filter Include="source\cheat\command">
      <UniqueIdentifier>{da50dcd4-405b-4cf4-8b4f-e7b59757c171}</UniqueIdentifier>
    </Filter>
    <Filter Include="source\cheat\config">
      <UniqueIdentifier>{f4c2b928-9255-42f1-b365-7c5a443d6287}</UniqueIdentifier>
    </Filter>
    <Filter Include="source\cheat\color">
      <UniqueIdentifier>{55da6473-5fa0-4db7-a52b-2bb4bc5867e3}</UniqueIdentifier>
    </Filter>
    <Filter Include="source\cheat\network">
      <UniqueIdentifier>{181e1868-b594-4438-a5f8-1caa889dff88}</UniqueIdentifier>
    </Filter>
    <Filter Include="source\cheat\quick">
      <UniqueIdentifier>{3be0211b-73b1-4bf7-847a-761be2846692}</UniqueIdentifier>
    </Filter>
    <Filter Include="source\cheat\keybind">
      <UniqueIdentifier>{fcdec558-20a0-435f-8b19-3a99b30fa860}</UniqueIdentifier>
    </Filter>
    <Filter Include="source\cheat\test">
      <UniqueIdentifier>{468c675a-7e28-4dac-ba5b-e3dfa722d9a5}</UniqueIdentifier>
    </Filter>
    <Filter Include="source\cheat\session">
      <UniqueIdentifier>{c8daa84d-b379-43bb-88cf-c7d60f60ad1c}</UniqueIdentifier>
    </Filter>
    <Filter Include="third_party\minhook">
      <UniqueIdentifier>{89975f1a-fee0-4815-ab13-51d15f20c948}</UniqueIdentifier>
    </Filter>
    <Filter Include="source\cheat\vhook">
      <UniqueIdentifier>{8b1862d5-d2f8-4e86-90f6-993f5303d858}</UniqueIdentifier>
    </Filter>
    <Filter Include="third_party\detours">
      <UniqueIdentifier>{1e65f5c1-b18c-499b-aa28-be2a425af048}</UniqueIdentifier>
    </Filter>
  </ItemGroup>
  <ItemGroup>
    <ClInclude Include="_sdk.h">
      <Filter>third_party</Filter>
    </ClInclude>
    <ClInclude Include="gvalue.h">
      <Filter>source\global</Filter>
    </ClInclude>
    <ClInclude Include="menu.h">
      <Filter>source\cheat\menu</Filter>
    </ClInclude>
    <ClInclude Include="visual.h">
      <Filter>source\cheat\visual</Filter>
    </ClInclude>
    <ClInclude Include="render.h">
      <Filter>source\library\render</Filter>
    </ClInclude>
    <ClInclude Include="gui.h">
      <Filter>source\library\gui</Filter>
    </ClInclude>
    <ClInclude Include="cheat.h">
      <Filter>source\cheat\cheat</Filter>
    </ClInclude>
    <ClInclude Include="gdefine.h">
      <Filter>source\global</Filter>
    </ClInclude>
    <ClInclude Include="resource.h">
      <Filter>resource</Filter>
    </ClInclude>
    <ClInclude Include="entity.h">
      <Filter>source\cheat\entity</Filter>
    </ClInclude>
    <ClInclude Include="player.h">
      <Filter>source\cheat\player</Filter>
    </ClInclude>
    <ClInclude Include="item.h">
      <Filter>source\cheat\item</Filter>
    </ClInclude>
    <ClInclude Include="kismet.h">
      <Filter>source\library\kismet</Filter>
    </ClInclude>
    <ClInclude Include="command.h">
      <Filter>source\cheat\command</Filter>
    </ClInclude>
    <ClInclude Include="config.h">
      <Filter>source\cheat\config</Filter>
    </ClInclude>
    <ClInclude Include="color.h">
      <Filter>source\cheat\color</Filter>
    </ClInclude>
    <ClInclude Include="network.h">
      <Filter>source\cheat\network</Filter>
    </ClInclude>
    <ClInclude Include="quick.h">
      <Filter>source\cheat\quick</Filter>
    </ClInclude>
    <ClInclude Include="vhook.h">
      <Filter>source\cheat\vhook</Filter>
    </ClInclude>
    <ClInclude Include="keybind.h">
      <Filter>source\cheat\keybind</Filter>
    </ClInclude>
    <ClInclude Include="test.h">
      <Filter>source\cheat\test</Filter>
    </ClInclude>
    <ClInclude Include="session.h">
      <Filter>source\cheat\session</Filter>
    </ClInclude>
    <ClInclude Include="..\..\third_party\minhook\src\buffer.h">
      <Filter>third_party\minhook</Filter>
    </ClInclude>
    <ClInclude Include="..\..\third_party\minhook\src\hde\hde32.h">
      <Filter>third_party\minhook</Filter>
    </ClInclude>
    <ClInclude Include="..\..\third_party\minhook\src\hde\hde64.h">
      <Filter>third_party\minhook</Filter>
    </ClInclude>
    <ClInclude Include="..\..\third_party\minhook\src\hde\pstdint.h">
      <Filter>third_party\minhook</Filter>
    </ClInclude>
    <ClInclude Include="..\..\third_party\minhook\src\hde\table32.h">
      <Filter>third_party\minhook</Filter>
    </ClInclude>
    <ClInclude Include="..\..\third_party\minhook\src\hde\table64.h">
      <Filter>third_party\minhook</Filter>
    </ClInclude>
    <ClInclude Include="..\..\third_party\minhook\src\trampoline.h">
      <Filter>third_party\minhook</Filter>
    </ClInclude>
    <ClInclude Include="_minhook.h">
      <Filter>third_party</Filter>
    </ClInclude>
  </ItemGroup>
  <ItemGroup>
    <ClCompile Include="..\..\third_party\ue4-sdk\SDK\Basic.cpp">
      <Filter>third_party\sdk</Filter>
    </ClCompile>
    <ClCompile Include="..\..\third_party\ue4-sdk\SDK\Engine_functions.cpp">
      <Filter>third_party\sdk</Filter>
    </ClCompile>
    <ClCompile Include="..\..\third_party\ue4-sdk\SDK\CoreUObject_functions.cpp">
      <Filter>third_party\sdk</Filter>
    </ClCompile>
    <ClCompile Include="dll_main.cpp">
      <Filter>source</Filter>
    </ClCompile>
    <ClCompile Include="menu.cpp">
      <Filter>source\cheat\menu</Filter>
    </ClCompile>
    <ClCompile Include="visual.cpp">
      <Filter>source\cheat\visual</Filter>
    </ClCompile>
    <ClCompile Include="render.cpp">
      <Filter>source\library\render</Filter>
    </ClCompile>
    <ClCompile Include="gui.cpp">
      <Filter>source\library\gui</Filter>
    </ClCompile>
    <ClCompile Include="cheat.cpp">
      <Filter>source\cheat\cheat</Filter>
    </ClCompile>
    <ClCompile Include="entity.cpp">
      <Filter>source\cheat\entity</Filter>
    </ClCompile>
    <ClCompile Include="player.cpp">
      <Filter>source\cheat\player</Filter>
    </ClCompile>
    <ClCompile Include="..\..\third_party\ue4-sdk\SDK\BPCharacter_Demo_functions.cpp">
      <Filter>third_party\sdk</Filter>
    </ClCompile>
    <ClCompile Include="item.cpp">
      <Filter>source\cheat\item</Filter>
    </ClCompile>
    <ClCompile Include="kismet.cpp">
      <Filter>source\library\kismet</Filter>
    </ClCompile>
    <ClCompile Include="command.cpp">
      <Filter>source\cheat\command</Filter>
    </ClCompile>
    <ClCompile Include="config.cpp">
      <Filter>source\cheat\config</Filter>
    </ClCompile>
    <ClCompile Include="color.cpp">
      <Filter>source\cheat\color</Filter>
    </ClCompile>
    <ClCompile Include="..\..\third_party\ue4-sdk\SDK\Backrooms_functions.cpp">
      <Filter>third_party\sdk</Filter>
    </ClCompile>
    <ClCompile Include="network.cpp">
      <Filter>source\cheat\network</Filter>
    </ClCompile>
    <ClCompile Include="quick.cpp">
      <Filter>source\cheat\quick</Filter>
    </ClCompile>
    <ClCompile Include="vhook.cpp">
      <Filter>source\cheat\vhook</Filter>
    </ClCompile>
    <ClCompile Include="keybind.cpp">
      <Filter>source\cheat\keybind</Filter>
    </ClCompile>
    <ClCompile Include="..\..\third_party\ue4-sdk\SDK\BP_Scanner_functions.cpp">
      <Filter>third_party\sdk</Filter>
    </ClCompile>
    <ClCompile Include="test.cpp">
      <Filter>source\cheat\test</Filter>
    </ClCompile>
    <ClCompile Include="..\..\third_party\ue4-sdk\SDK\UMG_functions.cpp">
      <Filter>third_party\sdk</Filter>
    </ClCompile>
    <ClCompile Include="session.cpp">
      <Filter>source\cheat\session</Filter>
    </ClCompile>
    <ClCompile Include="..\..\third_party\ue4-sdk\SDK\AdvancedSessions_functions.cpp">
      <Filter>third_party\sdk</Filter>
    </ClCompile>
    <ClCompile Include="..\..\third_party\minhook\src\buffer.c">
      <Filter>third_party\minhook</Filter>
    </ClCompile>
    <ClCompile Include="..\..\third_party\minhook\src\hde\hde32.c">
      <Filter>third_party\minhook</Filter>
    </ClCompile>
    <ClCompile Include="..\..\third_party\minhook\src\hde\hde64.c">
      <Filter>third_party\minhook</Filter>
    </ClCompile>
    <ClCompile Include="..\..\third_party\minhook\src\hook.c">
      <Filter>third_party\minhook</Filter>
    </ClCompile>
    <ClCompile Include="..\..\third_party\minhook\src\trampoline.c">
      <Filter>third_party\minhook</Filter>
    </ClCompile>
  </ItemGroup>
  <ItemGroup>
    <ResourceCompile Include="cheat.rc">
      <Filter>resource</Filter>
    </ResourceCompile>
  </ItemGroup>
  <ItemGroup>
    <Image Include="visual_newyear.png">
      <Filter>resource</Filter>
    </Image>
    <Image Include="visual.png">
      <Filter>resource</Filter>
    </Image>
  </ItemGroup>
</Project>